
Microsoft Visual Studio Solution File, Format Version 12.00
# Visual Studio Version 16
VisualStudioVersion = 16.0.31727.386
MinimumVisualStudioVersion = 10.0.40219.1
Project("{FAE04EC0-301F-11D3-BF4B-00C04F79EFBC}") = "Z6O9JF_HFT_2021221.Client", "Z6O9JF_HFT_2021221.Client\Z6O9JF_HFT_2021221.Client.csproj", "{9B27A60D-E132-4C1F-B6C3-CD9680D6ED98}"
EndProject
Project("{2150E333-8FDC-42A3-9474-1A3956D46DE8}") = "Others", "Others", "{ED1E72B0-75C0-4D92-A90A-C6A54DD0E234}"
	ProjectSection(SolutionItems) = preProject
		.gitattributes = .gitattributes
		.gitignore = .gitignore
	EndProjectSection
EndProject
Project("{FAE04EC0-301F-11D3-BF4B-00C04F79EFBC}") = "Z6O9JF_HFT_2021221.Models", "Z6O9JF_HFT_2021221.Models\Z6O9JF_HFT_2021221.Models.csproj", "{F8E4B7B1-4CDF-4650-A415-0BF7AF8DE81E}"
EndProject
Project("{FAE04EC0-301F-11D3-BF4B-00C04F79EFBC}") = "Z6O9JF_HFT_2021221.Data", "Z6O9JF_HFT_2021221.Data\Z6O9JF_HFT_2021221.Data.csproj", "{06557D02-A0D7-47CD-83C3-16AF237FA05C}"
EndProject
Global
	GlobalSection(SolutionConfigurationPlatforms) = preSolution
		Debug|Any CPU = Debug|Any CPU
		Release|Any CPU = Release|Any CPU
	EndGlobalSection
	GlobalSection(ProjectConfigurationPlatforms) = postSolution
		{9B27A60D-E132-4C1F-B6C3-CD9680D6ED98}.Debug|Any CPU.ActiveCfg = Debug|Any CPU
		{9B27A60D-E132-4C1F-B6C3-CD9680D6ED98}.Debug|Any CPU.Build.0 = Debug|Any CPU
		{9B27A60D-E132-4C1F-B6C3-CD9680D6ED98}.Release|Any CPU.ActiveCfg = Release|Any CPU
		{9B27A60D-E132-4C1F-B6C3-CD9680D6ED98}.Release|Any CPU.Build.0 = Release|Any CPU
		{F8E4B7B1-4CDF-4650-A415-0BF7AF8DE81E}.Debug|Any CPU.ActiveCfg = Debug|Any CPU
		{F8E4B7B1-4CDF-4650-A415-0BF7AF8DE81E}.Debug|Any CPU.Build.0 = Debug|Any CPU
		{F8E4B7B1-4CDF-4650-A415-0BF7AF8DE81E}.Release|Any CPU.ActiveCfg = Release|Any CPU
		{F8E4B7B1-4CDF-4650-A415-0BF7AF8DE81E}.Release|Any CPU.Build.0 = Release|Any CPU
		{06557D02-A0D7-47CD-83C3-16AF237FA05C}.Debug|Any CPU.ActiveCfg = Debug|Any CPU
		{06557D02-A0D7-47CD-83C3-16AF237FA05C}.Debug|Any CPU.Build.0 = Debug|Any CPU
		{06557D02-A0D7-47CD-83C3-16AF237FA05C}.Release|Any CPU.ActiveCfg = Release|Any CPU
		{06557D02-A0D7-47CD-83C3-16AF237FA05C}.Release|Any CPU.Build.0 = Release|Any CPU
	EndGlobalSection
	GlobalSection(SolutionProperties) = preSolution
		HideSolutionNode = FALSE
	EndGlobalSection
	GlobalSection(ExtensibilityGlobals) = postSolution
		SolutionGuid = {D88E97C4-2503-43A7-B473-9418C0D07B4E}
	EndGlobalSection
EndGlobal
